
Microsoft Visual Studio Solution File, Format Version 12.00
# Visual Studio Version 16
VisualStudioVersion = 16.0.32413.511
MinimumVisualStudioVersion = 10.0.40219.1
Project("{FAE04EC0-301F-11D3-BF4B-00C04F79EFBC}") = "WinFormsApp10", "WinFormsApp10\WinFormsApp10.csproj", "{741F3CE8-F8DC-467E-BB55-F2B625800FEE}"
EndProject
Global
	GlobalSection(SolutionConfigurationPlatforms) = preSolution
		Debug|Any CPU = Debug|Any CPU
		Release|Any CPU = Release|Any CPU
	EndGlobalSection
	GlobalSection(ProjectConfigurationPlatforms) = postSolution
		{741F3CE8-F8DC-467E-BB55-F2B625800FEE}.Debug|Any CPU.ActiveCfg = Debug|Any CPU
		{741F3CE8-F8DC-467E-BB55-F2B625800FEE}.Debug|Any CPU.Build.0 = Debug|Any CPU
		{741F3CE8-F8DC-467E-BB55-F2B625800FEE}.Release|Any CPU.ActiveCfg = Release|Any CPU
		{741F3CE8-F8DC-467E-BB55-F2B625800FEE}.Release|Any CPU.Build.0 = Release|Any CPU
	EndGlobalSection
	GlobalSection(SolutionProperties) = preSolution
		HideSolutionNode = FALSE
	EndGlobalSection
	GlobalSection(ExtensibilityGlobals) = postSolution
		SolutionGuid = {2BED351C-2EF9-48EE-8E22-EFAA65D9F250}
	EndGlobalSection
EndGlobal
